{
  "object": {
    "pins": [
      {
        "package": "SwiftParse",
        "repositoryURL": "https://github.com/ga-reth/swift-parse",
        "state": {
          "branch": null,
          "revision": "c5d1e4b12c09d1fa5d917925366fcdd901a56999",
          "version": "1.0.0"
        }
      }
    ]
  },
  "version": 1
}
